
Microsoft Visual Studio Solution File, Format Version 12.00
# Visual Studio Version 17
VisualStudioVersion = 17.14.36518.9
MinimumVisualStudioVersion = 10.0.40219.1
Project("{2150E333-8FDC-42A3-9474-1A3956D46DE8}") = "Services", "Services", "{02EA681E-C7D8-13C7-8484-4AC65E1B71E8}"
EndProject
Project("{2150E333-8FDC-42A3-9474-1A3956D46DE8}") = "1-Core", "1-Core", "{973BE8DD-8159-4A03-8887-00F27045AC8E}"
EndProject
Project("{2150E333-8FDC-42A3-9474-1A3956D46DE8}") = "2-BoundedContexts", "2-BoundedContexts", "{4FB00399-EE5B-44D6-92B2-BA8D87CEBA53}"
EndProject
Project("{2150E333-8FDC-42A3-9474-1A3956D46DE8}") = "GestaoConteudo", "GestaoConteudo", "{37BDD06B-F233-4E96-A0E5-F7F2A7FED300}"
EndProject
Project("{2150E333-8FDC-42A3-9474-1A3956D46DE8}") = "GestaoAlunos", "GestaoAlunos", "{5515D6BC-754E-487E-AAD3-B3DA5D818853}"
EndProject
Project("{2150E333-8FDC-42A3-9474-1A3956D46DE8}") = "Pagamentos", "Pagamentos", "{5D983FEB-422E-482F-86B8-02346E7B59E8}"
EndProject
Project("{2150E333-8FDC-42A3-9474-1A3956D46DE8}") = "CrossCutting", "CrossCutting", "{8853D197-0BBC-4285-96E9-222E38B328AD}"
EndProject
Project("{2150E333-8FDC-42A3-9474-1A3956D46DE8}") = "WebApps", "WebApps", "{2D7220BF-2438-4D52-881F-6320DBDEBA10}"
EndProject
Project("{FAE04EC0-301F-11D3-BF4B-00C04F79EFBC}") = "MBA.Educacao.Online.Core", "src\MBA.Educacao.Online.Core\MBA.Educacao.Online.Core.csproj", "{2CDC1292-C444-4625-BB8F-B1CF9B31EA32}"
EndProject
Project("{FAE04EC0-301F-11D3-BF4B-00C04F79EFBC}") = "MBA.Educacao.Online.GestaoConteudo.Domain", "src\MBA.Educacao.Online.GestaoConteudo.Domain\MBA.Educacao.Online.GestaoConteudo.Domain.csproj", "{E000D5FE-75CB-49E1-85BD-C326C8532B71}"
EndProject
Project("{FAE04EC0-301F-11D3-BF4B-00C04F79EFBC}") = "MBA.Educacao.Online.GestaoConteudo.Data", "src\MBA.Educacao.Online.GestaoConteudo.Data\MBA.Educacao.Online.GestaoConteudo.Data.csproj", "{14469346-104C-476C-B9C4-782F61843129}"
EndProject
Project("{FAE04EC0-301F-11D3-BF4B-00C04F79EFBC}") = "MBA.Educacao.Online.GestaoConteudo.Application", "src\MBA.Educacao.Online.GestaoConteudo.Application\MBA.Educacao.Online.GestaoConteudo.Application.csproj", "{F286C49E-9BC2-4809-823C-8442C24BEC28}"
EndProject
Project("{FAE04EC0-301F-11D3-BF4B-00C04F79EFBC}") = "MBA.Educacao.Online.GestaoAlunos.Domain", "src\MBA.Educacao.Online.GestaoAlunos.Domain\MBA.Educacao.Online.GestaoAlunos.Domain.csproj", "{88F57056-7A45-4F5C-9F56-F41BAB5AC425}"
EndProject
Project("{FAE04EC0-301F-11D3-BF4B-00C04F79EFBC}") = "MBA.Educacao.Online.GestaoAlunos.Data", "src\MBA.Educacao.Online.GestaoAlunos.Data\MBA.Educacao.Online.GestaoAlunos.Data.csproj", "{35D5E5A3-A5FA-4CD7-9BD2-00C0D1E3A187}"
EndProject
Project("{FAE04EC0-301F-11D3-BF4B-00C04F79EFBC}") = "MBA.Educacao.Online.GestaoAlunos.Application", "src\MBA.Educacao.Online.GestaoAlunos.Application\MBA.Educacao.Online.GestaoAlunos.Application.csproj", "{2D9CE0D5-DF5D-4FFD-9078-973A8405FF4E}"
EndProject
Project("{FAE04EC0-301F-11D3-BF4B-00C04F79EFBC}") = "MBA.Educacao.Online.Pagamentos.Domain", "src\MBA.Educacao.Online.Pagamentos.Domain\MBA.Educacao.Online.Pagamentos.Domain.csproj", "{0FAAC36A-2FD1-E08E-D0EF-3E7B0FD563DA}"
EndProject
Project("{FAE04EC0-301F-11D3-BF4B-00C04F79EFBC}") = "MBA.Educacao.Online.Pagamentos.Application", "src\MBA.Educacao.Online.Pagamentos.Application\MBA.Educacao.Online.Pagamentos.Application.csproj", "{7E9FD799-70FE-47A1-B0BE-63DE4EE5B72E}"
EndProject
Project("{FAE04EC0-301F-11D3-BF4B-00C04F79EFBC}") = "MBA.Educacao.Online.Pagamentos.Data", "src\MBA.Educacao.Online.Pagamentos.Data\MBA.Educacao.Online.Pagamentos.Data.csproj", "{FC4CA97F-3670-481F-A22A-F0A99CF101E5}"
EndProject
Global
	GlobalSection(SolutionConfigurationPlatforms) = preSolution
		Debug|Any CPU = Debug|Any CPU
		Release|Any CPU = Release|Any CPU
	EndGlobalSection
	GlobalSection(ProjectConfigurationPlatforms) = postSolution
		{2CDC1292-C444-4625-BB8F-B1CF9B31EA32}.Debug|Any CPU.ActiveCfg = Debug|Any CPU
		{2CDC1292-C444-4625-BB8F-B1CF9B31EA32}.Debug|Any CPU.Build.0 = Debug|Any CPU
		{2CDC1292-C444-4625-BB8F-B1CF9B31EA32}.Release|Any CPU.ActiveCfg = Release|Any CPU
		{2CDC1292-C444-4625-BB8F-B1CF9B31EA32}.Release|Any CPU.Build.0 = Release|Any CPU
		{E000D5FE-75CB-49E1-85BD-C326C8532B71}.Debug|Any CPU.ActiveCfg = Debug|Any CPU
		{E000D5FE-75CB-49E1-85BD-C326C8532B71}.Debug|Any CPU.Build.0 = Debug|Any CPU
		{E000D5FE-75CB-49E1-85BD-C326C8532B71}.Release|Any CPU.ActiveCfg = Release|Any CPU
		{E000D5FE-75CB-49E1-85BD-C326C8532B71}.Release|Any CPU.Build.0 = Release|Any CPU
		{14469346-104C-476C-B9C4-782F61843129}.Debug|Any CPU.ActiveCfg = Debug|Any CPU
		{14469346-104C-476C-B9C4-782F61843129}.Debug|Any CPU.Build.0 = Debug|Any CPU
		{14469346-104C-476C-B9C4-782F61843129}.Release|Any CPU.ActiveCfg = Release|Any CPU
		{14469346-104C-476C-B9C4-782F61843129}.Release|Any CPU.Build.0 = Release|Any CPU
		{F286C49E-9BC2-4809-823C-8442C24BEC28}.Debug|Any CPU.ActiveCfg = Debug|Any CPU
		{F286C49E-9BC2-4809-823C-8442C24BEC28}.Debug|Any CPU.Build.0 = Debug|Any CPU
		{F286C49E-9BC2-4809-823C-8442C24BEC28}.Release|Any CPU.ActiveCfg = Release|Any CPU
		{F286C49E-9BC2-4809-823C-8442C24BEC28}.Release|Any CPU.Build.0 = Release|Any CPU
		{88F57056-7A45-4F5C-9F56-F41BAB5AC425}.Debug|Any CPU.ActiveCfg = Debug|Any CPU
		{88F57056-7A45-4F5C-9F56-F41BAB5AC425}.Debug|Any CPU.Build.0 = Debug|Any CPU
		{88F57056-7A45-4F5C-9F56-F41BAB5AC425}.Release|Any CPU.ActiveCfg = Release|Any CPU
		{88F57056-7A45-4F5C-9F56-F41BAB5AC425}.Release|Any CPU.Build.0 = Release|Any CPU
		{35D5E5A3-A5FA-4CD7-9BD2-00C0D1E3A187}.Debug|Any CPU.ActiveCfg = Debug|Any CPU
		{35D5E5A3-A5FA-4CD7-9BD2-00C0D1E3A187}.Debug|Any CPU.Build.0 = Debug|Any CPU
		{35D5E5A3-A5FA-4CD7-9BD2-00C0D1E3A187}.Release|Any CPU.ActiveCfg = Release|Any CPU
		{35D5E5A3-A5FA-4CD7-9BD2-00C0D1E3A187}.Release|Any CPU.Build.0 = Release|Any CPU
		{2D9CE0D5-DF5D-4FFD-9078-973A8405FF4E}.Debug|Any CPU.ActiveCfg = Debug|Any CPU
		{2D9CE0D5-DF5D-4FFD-9078-973A8405FF4E}.Debug|Any CPU.Build.0 = Debug|Any CPU
		{2D9CE0D5-DF5D-4FFD-9078-973A8405FF4E}.Release|Any CPU.ActiveCfg = Release|Any CPU
		{2D9CE0D5-DF5D-4FFD-9078-973A8405FF4E}.Release|Any CPU.Build.0 = Release|Any CPU
		{0FAAC36A-2FD1-E08E-D0EF-3E7B0FD563DA}.Debug|Any CPU.ActiveCfg = Debug|Any CPU
		{0FAAC36A-2FD1-E08E-D0EF-3E7B0FD563DA}.Debug|Any CPU.Build.0 = Debug|Any CPU
		{0FAAC36A-2FD1-E08E-D0EF-3E7B0FD563DA}.Release|Any CPU.ActiveCfg = Release|Any CPU
		{0FAAC36A-2FD1-E08E-D0EF-3E7B0FD563DA}.Release|Any CPU.Build.0 = Release|Any CPU
		{7E9FD799-70FE-47A1-B0BE-63DE4EE5B72E}.Debug|Any CPU.ActiveCfg = Debug|Any CPU
		{7E9FD799-70FE-47A1-B0BE-63DE4EE5B72E}.Debug|Any CPU.Build.0 = Debug|Any CPU
		{7E9FD799-70FE-47A1-B0BE-63DE4EE5B72E}.Release|Any CPU.ActiveCfg = Release|Any CPU
		{7E9FD799-70FE-47A1-B0BE-63DE4EE5B72E}.Release|Any CPU.Build.0 = Release|Any CPU
		{FC4CA97F-3670-481F-A22A-F0A99CF101E5}.Debug|Any CPU.ActiveCfg = Debug|Any CPU
		{FC4CA97F-3670-481F-A22A-F0A99CF101E5}.Debug|Any CPU.Build.0 = Debug|Any CPU
		{FC4CA97F-3670-481F-A22A-F0A99CF101E5}.Release|Any CPU.ActiveCfg = Release|Any CPU
		{FC4CA97F-3670-481F-A22A-F0A99CF101E5}.Release|Any CPU.Build.0 = Release|Any CPU
	EndGlobalSection
	GlobalSection(SolutionProperties) = preSolution
		HideSolutionNode = FALSE
	EndGlobalSection
	GlobalSection(NestedProjects) = preSolution
		{973BE8DD-8159-4A03-8887-00F27045AC8E} = {02EA681E-C7D8-13C7-8484-4AC65E1B71E8}
		{4FB00399-EE5B-44D6-92B2-BA8D87CEBA53} = {02EA681E-C7D8-13C7-8484-4AC65E1B71E8}
		{37BDD06B-F233-4E96-A0E5-F7F2A7FED300} = {4FB00399-EE5B-44D6-92B2-BA8D87CEBA53}
		{5515D6BC-754E-487E-AAD3-B3DA5D818853} = {4FB00399-EE5B-44D6-92B2-BA8D87CEBA53}
		{5D983FEB-422E-482F-86B8-02346E7B59E8} = {4FB00399-EE5B-44D6-92B2-BA8D87CEBA53}
		{8853D197-0BBC-4285-96E9-222E38B328AD} = {02EA681E-C7D8-13C7-8484-4AC65E1B71E8}
		{2CDC1292-C444-4625-BB8F-B1CF9B31EA32} = {973BE8DD-8159-4A03-8887-00F27045AC8E}
		{E000D5FE-75CB-49E1-85BD-C326C8532B71} = {37BDD06B-F233-4E96-A0E5-F7F2A7FED300}
		{14469346-104C-476C-B9C4-782F61843129} = {37BDD06B-F233-4E96-A0E5-F7F2A7FED300}
		{F286C49E-9BC2-4809-823C-8442C24BEC28} = {37BDD06B-F233-4E96-A0E5-F7F2A7FED300}
		{88F57056-7A45-4F5C-9F56-F41BAB5AC425} = {5515D6BC-754E-487E-AAD3-B3DA5D818853}
		{35D5E5A3-A5FA-4CD7-9BD2-00C0D1E3A187} = {5515D6BC-754E-487E-AAD3-B3DA5D818853}
		{2D9CE0D5-DF5D-4FFD-9078-973A8405FF4E} = {5515D6BC-754E-487E-AAD3-B3DA5D818853}
		{0FAAC36A-2FD1-E08E-D0EF-3E7B0FD563DA} = {5D983FEB-422E-482F-86B8-02346E7B59E8}
		{7E9FD799-70FE-47A1-B0BE-63DE4EE5B72E} = {5D983FEB-422E-482F-86B8-02346E7B59E8}
		{FC4CA97F-3670-481F-A22A-F0A99CF101E5} = {5D983FEB-422E-482F-86B8-02346E7B59E8}
	EndGlobalSection
	GlobalSection(ExtensibilityGlobals) = postSolution
		SolutionGuid = {605198D7-13FD-4703-AEAE-468FA82B2A63}
	EndGlobalSection
EndGlobal
